<?xml version="1.0" encoding="utf-8"?>
<Project ToolsVersion="4.0" xmlns="http://schemas.microsoft.com/developer/msbuild/2003">
  <ItemGroup>
    <Filter Include="Source Files">
      <UniqueIdentifier>{4FC737F1-C7A5-4376-A066-2A32D752A2FF}</UniqueIdentifier>
      <Extensions>cpp;c;cc;cxx;def;odl;idl;hpj;bat;asm;asmx</Extensions>
    </Filter>
    <Filter Include="Resource Files">
      <UniqueIdentifier>{67DA6AB6-F800-4c08-8B7A-83BB121AAD01}</UniqueIdentifier>
      <Extensions>rc;ico;cur;bmp;dlg;rc2;rct;bin;rgs;gif;jpg;jpeg;jpe;resx;tiff;tif;png;wav;mfcribbon-ms</Extensions>
    </Filter>
    <Filter Include="FireWare">
      <UniqueIdentifier>{abe4897c-03d6-4cda-b361-6e03df628838}</UniqueIdentifier>
    </Filter>
    <Filter Include="FireWare\Scenes">
      <UniqueIdentifier>{3680a994-2774-4125-bf5d-7ea9c1149234}</UniqueIdentifier>
    </Filter>
    <Filter Include="FireWare\Scenes\GameMenue">
      <UniqueIdentifier>{2883face-d9d0-4a18-8ade-426f9ea226ae}</UniqueIdentifier>
    </Filter>
    <Filter Include="FireWare\Scenes\GamePlaying">
      <UniqueIdentifier>{ec51b437-c599-41e0-a6ae-d8136a2e72d4}</UniqueIdentifier>
    </Filter>
    <Filter Include="FireWare\Scenes\GameFinished">
      <UniqueIdentifier>{f50dcacc-a1d4-4219-9783-c74996902ffa}</UniqueIdentifier>
    </Filter>
    <Filter Include="FireWare\Scenes\GamePlaying\Player">
      <UniqueIdentifier>{705a4b81-9fe5-4083-8434-df3040441e45}</UniqueIdentifier>
    </Filter>
    <Filter Include="FireWare\Scenes\GamePlaying\Enemy">
      <UniqueIdentifier>{0c6ae476-6e91-4887-9506-daf5e8a21bc6}</UniqueIdentifier>
    </Filter>
    <Filter Include="FireWare\Scenes\GamePlaying\Scene">
      <UniqueIdentifier>{84e19aec-7579-473a-a56e-f4c293cba6ef}</UniqueIdentifier>
    </Filter>
    <Filter Include="FireWare\Scenes\GamePlaying\BackGround">
      <UniqueIdentifier>{5e1f4c04-4efe-476f-ade2-bad142551667}</UniqueIdentifier>
    </Filter>
    <Filter Include="FireWare\Scenes\GamePlaying\BackGround\BackGroundControl">
      <UniqueIdentifier>{089050f2-bc20-4a65-b2e5-01f954a131c1}</UniqueIdentifier>
    </Filter>
    <Filter Include="FireWare\Scenes\GamePlaying\Player\LeukocyteLight">
      <UniqueIdentifier>{f5bc07d7-f82b-43e0-9611-6e2d18ef9109}</UniqueIdentifier>
    </Filter>
    <Filter Include="FireWare\Scenes\GamePlaying\Bullet">
      <UniqueIdentifier>{40349a68-04b9-4c58-b0f3-217322ad0243}</UniqueIdentifier>
    </Filter>
    <Filter Include="FireWare\Scenes\GamePlaying\Enemy\VirusSmall">
      <UniqueIdentifier>{5dca770d-a078-418c-8540-0f337f86599e}</UniqueIdentifier>
    </Filter>
    <Filter Include="FireWare\Scenes\GamePlaying\Enemy\VirusBas">
      <UniqueIdentifier>{8c11d686-7be2-4b90-9058-1d2fcbf8336a}</UniqueIdentifier>
    </Filter>
    <Filter Include="FireWare\Scenes\GamePlaying\Enemy\Virusmanager">
      <UniqueIdentifier>{5c44998e-c75e-4112-8da8-2a0e70e81e6f}</UniqueIdentifier>
    </Filter>
    <Filter Include="FireWare\Scenes\GamePlaying\Enemy\VirusMiddle">
      <UniqueIdentifier>{4a069294-4bc9-48b7-99ff-7dde75eb4c91}</UniqueIdentifier>
    </Filter>
    <Filter Include="FireWare\Scenes\GamePlaying\Enemy\VirusMiddle\VirusMiddleHighLight">
      <UniqueIdentifier>{43a65b0f-0fe0-4a9e-a9e6-62e701f44e03}</UniqueIdentifier>
    </Filter>
    <Filter Include="FireWare\Scenes\GamePlaying\GameResult">
      <UniqueIdentifier>{3399e6a3-8145-43ac-9154-d6a11183bcb8}</UniqueIdentifier>
    </Filter>
    <Filter Include="FireWare\Scenes\GamePlaying\StartMenu">
      <UniqueIdentifier>{45c06149-340e-4b3e-b357-5654b0d7b83d}</UniqueIdentifier>
    </Filter>
    <Filter Include="FireWare\Scenes\GamePlaying\GameResult\GameResultBackGround">
      <UniqueIdentifier>{11e944c7-0758-4ad8-a217-d63c0a9acbb3}</UniqueIdentifier>
    </Filter>
    <Filter Include="FireWare\Scenes\GamePlaying\Enemy\VirusBig">
      <UniqueIdentifier>{af02adef-53d3-4114-b0dd-37e3c8d4bd9f}</UniqueIdentifier>
    </Filter>
    <Filter Include="FireWare\Scenes\GamePlaying\GameManager">
      <UniqueIdentifier>{5e854b04-2dce-4589-8029-f0c3d7c40357}</UniqueIdentifier>
    </Filter>
    <Filter Include="FireWare\Scenes\GamePlaying\Enemy\VirusBig\VirusBigBody">
      <UniqueIdentifier>{0a097aa8-6c47-4ee2-a13c-15935c4afd1b}</UniqueIdentifier>
    </Filter>
    <Filter Include="FireWare\Scenes\GamePlaying\Enemy\VirusBig\VirusBigSideLight">
      <UniqueIdentifier>{9a9a7c5b-1486-45c6-a111-bab2aa9bef4b}</UniqueIdentifier>
    </Filter>
    <Filter Include="FireWare\Scenes\GamePlaying\Enemy\VirusBig\VirusBigHightLight">
      <UniqueIdentifier>{ffebe4a1-5030-4cf2-af2d-48e22dae6219}</UniqueIdentifier>
    </Filter>
    <Filter Include="FireWare\Scenes\GamePlaying\Enemy\VirusSmall\VirusSmallExplosion">
      <UniqueIdentifier>{bb2f22a0-9d5a-48e9-9f64-45108fa7ef0d}</UniqueIdentifier>
    </Filter>
    <Filter Include="FireWare\Scenes\GamePlaying\Enemy\VirusMiddle\VirusMiddleExplosion">
      <UniqueIdentifier>{b0a65da1-9740-4ddf-9560-83c46b20f2b5}</UniqueIdentifier>
    </Filter>
    <Filter Include="FireWare\Scenes\GamePlaying\Enemy\VirusBig\VirusBigExplosion">
      <UniqueIdentifier>{df48b0fb-9b98-42ed-8c1d-27b734aba6fc}</UniqueIdentifier>
    </Filter>
    <Filter Include="FireWare\Scenes\GamePlaying\Cannonball">
      <UniqueIdentifier>{ef1a32c2-ef5a-4970-b569-a986608f31e2}</UniqueIdentifier>
    </Filter>
    <Filter Include="FireWare\Scenes\GamePlaying\UI">
      <UniqueIdentifier>{3c77ac8a-932d-4535-a54c-5b1f12cb576b}</UniqueIdentifier>
    </Filter>
    <Filter Include="FireWare\Scenes\GamePlaying\UI\CannonUI">
      <UniqueIdentifier>{54441ba0-a993-4664-9862-96eccc99139e}</UniqueIdentifier>
    </Filter>
    <Filter Include="FireWare\Scenes\GamePlaying\UI\CannonBallNumText">
      <UniqueIdentifier>{fe62c14b-3258-4351-a379-327aa4fdf5db}</UniqueIdentifier>
    </Filter>
    <Filter Include="FireWare\Scenes\GamePlaying\Gifts">
      <UniqueIdentifier>{5eb33ca9-a0bc-4772-a8b7-53a0b69a37b3}</UniqueIdentifier>
    </Filter>
    <Filter Include="FireWare\Scenes\GamePlaying\Gifts\CannonBallGift">
      <UniqueIdentifier>{ff99e0d3-a626-450c-abc8-25e2814ec789}</UniqueIdentifier>
    </Filter>
    <Filter Include="GameEngine">
      <UniqueIdentifier>{dc20c4d2-30f0-4c84-979e-cca4015760be}</UniqueIdentifier>
    </Filter>
    <Filter Include="GameEngine\Component">
      <UniqueIdentifier>{f55f93db-38ed-44bf-b3b0-2e263e27970b}</UniqueIdentifier>
    </Filter>
    <Filter Include="GameEngine\Component\Impl">
      <UniqueIdentifier>{85c12131-71d8-470b-8741-5d8c045c5548}</UniqueIdentifier>
    </Filter>
    <Filter Include="GameEngine\Component\Impl\SpriteRederer">
      <UniqueIdentifier>{f1a40fb6-12d1-4280-9cf8-616294f8ef42}</UniqueIdentifier>
    </Filter>
    <Filter Include="GameEngine\Component\Impl\Transform">
      <UniqueIdentifier>{fa7d662f-7806-4690-a2ae-ad07153f1306}</UniqueIdentifier>
    </Filter>
    <Filter Include="GameEngine\Component\Impl\Collider">
      <UniqueIdentifier>{b57e0d35-8bae-4bc1-9a8b-32fc087201a6}</UniqueIdentifier>
    </Filter>
    <Filter Include="GameEngine\Component\Impl\Collider\BoxCollider">
      <UniqueIdentifier>{247dc535-8afe-41d5-9afe-a789c1217771}</UniqueIdentifier>
    </Filter>
    <Filter Include="GameEngine\Component\Impl\Collider\SphereCollider">
      <UniqueIdentifier>{6c1bd62d-3b12-48df-9f12-fdf53a3bfb62}</UniqueIdentifier>
    </Filter>
    <Filter Include="GameEngine\Component\Impl\Collider\PointCollider">
      <UniqueIdentifier>{648b1369-e28d-4c33-b9f5-8bbea628372b}</UniqueIdentifier>
    </Filter>
    <Filter Include="GameEngine\Component\Impl\GameBehavior">
      <UniqueIdentifier>{ecc9c830-f45f-4ea7-8e13-b9975ae90a3c}</UniqueIdentifier>
    </Filter>
    <Filter Include="GameEngine\Component\Impl\TextMesh">
      <UniqueIdentifier>{37b12331-3dd1-4568-a65a-159211e0b70b}</UniqueIdentifier>
    </Filter>
    <Filter Include="GameEngine\Component\Impl\AodioSource">
      <UniqueIdentifier>{75c891fa-c469-4f80-a6f3-3a5476045cf9}</UniqueIdentifier>
    </Filter>
    <Filter Include="GameEngine\Component\Impl\AudioEffect">
      <UniqueIdentifier>{496eec92-cc5c-44dd-9f2b-f8b2445d8961}</UniqueIdentifier>
    </Filter>
    <Filter Include="GameEngine\Scene">
      <UniqueIdentifier>{98acdbd6-30c3-4879-8fe0-2cbadc7fd2dc}</UniqueIdentifier>
    </Filter>
    <Filter Include="GameEngine\GameObject">
      <UniqueIdentifier>{3f6ee5fd-5bf6-4452-89d2-67f1c2167ae4}</UniqueIdentifier>
    </Filter>
    <Filter Include="GameEngine\Input">
      <UniqueIdentifier>{b2a0f27b-3a56-4175-a8dc-220af590e8a7}</UniqueIdentifier>
    </Filter>
    <Filter Include="GameEngine\Time">
      <UniqueIdentifier>{10cce988-b470-4fd0-ad18-1ec658fa8528}</UniqueIdentifier>
    </Filter>
    <Filter Include="GameEngine\Manager">
      <UniqueIdentifier>{a2ecaf9a-8dc2-4403-8bb7-dfadba844a66}</UniqueIdentifier>
    </Filter>
    <Filter Include="GameEngine\Manager\SourceManager">
      <UniqueIdentifier>{7366ea02-e661-4fde-bd5a-d4000319ce70}</UniqueIdentifier>
    </Filter>
    <Filter Include="GameEngine\Manager\SceneManager">
      <UniqueIdentifier>{792f2d36-e524-4284-8e78-ef2edace3c40}</UniqueIdentifier>
    </Filter>
    <Filter Include="GameEngine\Utility">
      <UniqueIdentifier>{a9d180ea-2e9f-438a-bfe9-0985b1966a31}</UniqueIdentifier>
    </Filter>
    <Filter Include="GameEngine\Game">
      <UniqueIdentifier>{539604bf-8070-4f2c-b5ab-dc8eaf51e779}</UniqueIdentifier>
    </Filter>
  </ItemGroup>
  <ItemGroup>
    <ClCompile Include="Vector2.cpp">
      <Filter>GameEngine\Utility</Filter>
    </ClCompile>
    <ClCompile Include="main.cpp">
      <Filter>Source Files</Filter>
    </ClCompile>
    <ClCompile Include="Transform.cpp">
      <Filter>GameEngine\Component\Impl\Transform</Filter>
    </ClCompile>
    <ClCompile Include="Componentbehavior.cpp">
      <Filter>GameEngine\Component</Filter>
    </ClCompile>
    <ClCompile Include="SpriteRederer.cpp">
      <Filter>GameEngine\Component\Impl\SpriteRederer</Filter>
    </ClCompile>
    <ClCompile Include="Sprite.cpp">
      <Filter>GameEngine\Utility</Filter>
    </ClCompile>
    <ClCompile Include="WindowCreater.cpp">
      <Filter>GameEngine\Utility</Filter>
    </ClCompile>
    <ClCompile Include="Scene.cpp">
      <Filter>GameEngine\Scene</Filter>
    </ClCompile>
    <ClCompile Include="GameObject.cpp">
      <Filter>GameEngine\GameObject</Filter>
    </ClCompile>
    <ClCompile Include="Input.cpp">
      <Filter>GameEngine\Input</Filter>
    </ClCompile>
    <ClCompile Include="Time.cpp">
      <Filter>GameEngine\Time</Filter>
    </ClCompile>
    <ClCompile Include="BoxCollider.cpp">
      <Filter>GameEngine\Component\Impl\Collider\BoxCollider</Filter>
    </ClCompile>
    <ClCompile Include="Collider.cpp">
      <Filter>GameEngine\Component\Impl\Collider</Filter>
    </ClCompile>
    <ClCompile Include="PointCollider.cpp">
      <Filter>GameEngine\Component\Impl\Collider\PointCollider</Filter>
    </ClCompile>
    <ClCompile Include="SphereCollider.cpp">
      <Filter>GameEngine\Component\Impl\Collider\SphereCollider</Filter>
    </ClCompile>
    <ClCompile Include="CheckCollider.cpp">
      <Filter>GameEngine\Utility</Filter>
    </ClCompile>
    <ClCompile Include="GameBehavior.cpp">
      <Filter>GameEngine\Component\Impl\GameBehavior</Filter>
    </ClCompile>
    <ClCompile Include="GamePlayingScene.cpp">
      <Filter>FireWare\Scenes\GamePlaying\Scene</Filter>
    </ClCompile>
    <ClCompile Include="Leukocyte.cpp">
      <Filter>FireWare\Scenes\GamePlaying\Player</Filter>
    </ClCompile>
    <ClCompile Include="SourceManager.cpp">
      <Filter>GameEngine\Manager\SourceManager</Filter>
    </ClCompile>
    <ClCompile Include="Background.cpp">
      <Filter>FireWare\Scenes\GamePlaying\BackGround</Filter>
    </ClCompile>
    <ClCompile Include="BackGroundMovement.cpp">
      <Filter>FireWare\Scenes\GamePlaying\BackGround\BackGroundControl</Filter>
    </ClCompile>
    <ClCompile Include="LeukocyteMoveControl.cpp">
      <Filter>FireWare\Scenes\GamePlaying\Player</Filter>
    </ClCompile>
    <ClCompile Include="LeukocyteLight.cpp">
      <Filter>FireWare\Scenes\GamePlaying\Player\LeukocyteLight</Filter>
    </ClCompile>
    <ClCompile Include="LeukocyteLightControl.cpp">
      <Filter>FireWare\Scenes\GamePlaying\Player\LeukocyteLight</Filter>
    </ClCompile>
    <ClCompile Include="Bullet.cpp">
      <Filter>FireWare\Scenes\GamePlaying\Bullet</Filter>
    </ClCompile>
    <ClCompile Include="BulletControl.cpp">
      <Filter>FireWare\Scenes\GamePlaying\Bullet</Filter>
    </ClCompile>
    <ClCompile Include="LeukocyteShooting.cpp">
      <Filter>FireWare\Scenes\GamePlaying\Player</Filter>
    </ClCompile>
    <ClCompile Include="SceneManger.cpp">
      <Filter>GameEngine\Manager\SceneManager</Filter>
    </ClCompile>
    <ClCompile Include="VirusSmall.cpp">
      <Filter>FireWare\Scenes\GamePlaying\Enemy\VirusSmall</Filter>
    </ClCompile>
    <ClCompile Include="VirusSmallControl.cpp">
      <Filter>FireWare\Scenes\GamePlaying\Enemy\VirusSmall</Filter>
    </ClCompile>
    <ClCompile Include="VirusBas.cpp">
      <Filter>FireWare\Scenes\GamePlaying\Enemy\VirusBas</Filter>
    </ClCompile>
    <ClCompile Include="VirusBasControl.cpp">
      <Filter>FireWare\Scenes\GamePlaying\Enemy\VirusBas</Filter>
    </ClCompile>
    <ClCompile Include="VirusManager.cpp">
      <Filter>FireWare\Scenes\GamePlaying\Enemy\Virusmanager</Filter>
    </ClCompile>
    <ClCompile Include="VirusSmallLight.cpp">
      <Filter>FireWare\Scenes\GamePlaying\Enemy\VirusSmall</Filter>
    </ClCompile>
    <ClCompile Include="VirusMiddle.cpp">
      <Filter>FireWare\Scenes\GamePlaying\Enemy\VirusMiddle</Filter>
    </ClCompile>
    <ClCompile Include="VirusMiddleControl.cpp">
      <Filter>FireWare\Scenes\GamePlaying\Enemy\VirusMiddle</Filter>
    </ClCompile>
    <ClCompile Include="VirusMiddleHighLight.cpp">
      <Filter>FireWare\Scenes\GamePlaying\Enemy\VirusMiddle\VirusMiddleHighLight</Filter>
    </ClCompile>
    <ClCompile Include="VirusMiddleHighLightControl.cpp">
      <Filter>FireWare\Scenes\GamePlaying\Enemy\VirusMiddle\VirusMiddleHighLight</Filter>
    </ClCompile>
    <ClCompile Include="GameResult.cpp">
      <Filter>FireWare\Scenes\GamePlaying\GameResult</Filter>
    </ClCompile>
    <ClCompile Include="TextMesh.cpp">
      <Filter>GameEngine\Component\Impl\TextMesh</Filter>
    </ClCompile>
    <ClCompile Include="VirusManagerControl.cpp">
      <Filter>FireWare\Scenes\GamePlaying\Enemy\Virusmanager</Filter>
    </ClCompile>
    <ClCompile Include="GameResultControl.cpp">
      <Filter>FireWare\Scenes\GamePlaying\GameResult</Filter>
    </ClCompile>
    <ClCompile Include="GameResultBackGround.cpp">
      <Filter>FireWare\Scenes\GamePlaying\GameResult\GameResultBackGround</Filter>
    </ClCompile>
    <ClCompile Include="StartMenuBackground.cpp">
      <Filter>FireWare\Scenes\GamePlaying\StartMenu</Filter>
    </ClCompile>
    <ClCompile Include="StartMenuBackgroundControl.cpp">
      <Filter>FireWare\Scenes\GamePlaying\StartMenu</Filter>
    </ClCompile>
    <ClCompile Include="VirusBig.cpp">
      <Filter>FireWare\Scenes\GamePlaying\Enemy\VirusBig</Filter>
    </ClCompile>
    <ClCompile Include="AudioSource.cpp">
      <Filter>GameEngine\Component\Impl\AodioSource</Filter>
    </ClCompile>
    <ClCompile Include="AudioEffect.cpp">
      <Filter>GameEngine\Component\Impl\AudioEffect</Filter>
    </ClCompile>
    <ClCompile Include="GameManager.cpp">
      <Filter>FireWare\Scenes\GamePlaying\GameManager</Filter>
    </ClCompile>
    <ClCompile Include="GameManagerControl.cpp">
      <Filter>FireWare\Scenes\GamePlaying\GameManager</Filter>
    </ClCompile>
    <ClCompile Include="VirusBigBody.cpp">
      <Filter>FireWare\Scenes\GamePlaying\Enemy\VirusBig\VirusBigBody</Filter>
    </ClCompile>
    <ClCompile Include="VirusBigControl.cpp">
      <Filter>FireWare\Scenes\GamePlaying\Enemy\VirusBig</Filter>
    </ClCompile>
    <ClCompile Include="VirusBigBodyControl.cpp">
      <Filter>FireWare\Scenes\GamePlaying\Enemy\VirusBig\VirusBigBody</Filter>
    </ClCompile>
    <ClCompile Include="VirusBigSideLight.cpp">
      <Filter>FireWare\Scenes\GamePlaying\Enemy\VirusBig\VirusBigSideLight</Filter>
    </ClCompile>
    <ClCompile Include="VirusBigSideLightControl.cpp">
      <Filter>FireWare\Scenes\GamePlaying\Enemy\VirusBig\VirusBigSideLight</Filter>
    </ClCompile>
    <ClCompile Include="VirusBigHighLight.cpp">
      <Filter>FireWare\Scenes\GamePlaying\Enemy\VirusBig\VirusBigHightLight</Filter>
    </ClCompile>
    <ClCompile Include="VirusBigHighLightControl.cpp">
      <Filter>FireWare\Scenes\GamePlaying\Enemy\VirusBig\VirusBigHightLight</Filter>
    </ClCompile>
    <ClCompile Include="Radom.cpp">
      <Filter>GameEngine\Utility</Filter>
    </ClCompile>
    <ClCompile Include="VirusSmallExplosion.cpp">
      <Filter>FireWare\Scenes\GamePlaying\Enemy\VirusSmall\VirusSmallExplosion</Filter>
    </ClCompile>
    <ClCompile Include="VirusSmallExplosionControl.cpp">
      <Filter>FireWare\Scenes\GamePlaying\Enemy\VirusSmall\VirusSmallExplosion</Filter>
    </ClCompile>
    <ClCompile Include="VirusMiddleExplosion.cpp">
      <Filter>FireWare\Scenes\GamePlaying\Enemy\VirusMiddle\VirusMiddleExplosion</Filter>
    </ClCompile>
    <ClCompile Include="VirusMiddlelExplosionControl.cpp">
      <Filter>FireWare\Scenes\GamePlaying\Enemy\VirusMiddle\VirusMiddleExplosion</Filter>
    </ClCompile>
    <ClCompile Include="VirusBigExplosion.cpp">
      <Filter>FireWare\Scenes\GamePlaying\Enemy\VirusBig\VirusBigExplosion</Filter>
    </ClCompile>
    <ClCompile Include="VirusBigExplosionControl.cpp">
      <Filter>FireWare\Scenes\GamePlaying\Enemy\VirusBig\VirusBigExplosion</Filter>
    </ClCompile>
    <ClCompile Include="Game.cpp">
      <Filter>GameEngine\Game</Filter>
    </ClCompile>
    <ClCompile Include="CannonballControl.cpp">
      <Filter>FireWare\Scenes\GamePlaying\Cannonball</Filter>
    </ClCompile>
    <ClCompile Include="Cannonball.cpp">
      <Filter>FireWare\Scenes\GamePlaying\Cannonball</Filter>
    </ClCompile>
    <ClCompile Include="CannonUI.cpp">
      <Filter>FireWare\Scenes\GamePlaying\UI\CannonUI</Filter>
    </ClCompile>
    <ClCompile Include="UI.cpp">
      <Filter>FireWare\Scenes\GamePlaying\UI</Filter>
    </ClCompile>
    <ClCompile Include="UIControl.cpp">
      <Filter>FireWare\Scenes\GamePlaying\UI</Filter>
    </ClCompile>
    <ClCompile Include="CannonBallNumText.cpp">
      <Filter>FireWare\Scenes\GamePlaying\UI\CannonBallNumText</Filter>
    </ClCompile>
    <ClCompile Include="CannonBallGift.cpp">
      <Filter>FireWare\Scenes\GamePlaying\Gifts\CannonBallGift</Filter>
    </ClCompile>
    <ClCompile Include="CannonBallGiftInside.cpp">
      <Filter>FireWare\Scenes\GamePlaying\Gifts\CannonBallGift</Filter>
    </ClCompile>
    <ClCompile Include="CannonBallGiftControl.cpp">
      <Filter>FireWare\Scenes\GamePlaying\Gifts\CannonBallGift</Filter>
    </ClCompile>
    <ClCompile Include="Gifts.cpp">
      <Filter>FireWare\Scenes\GamePlaying\Gifts</Filter>
    </ClCompile>
    <ClCompile Include="GiftsControl.cpp">
      <Filter>FireWare\Scenes\GamePlaying\Gifts</Filter>
    </ClCompile>
  </ItemGroup>
  <ItemGroup>
    <ClInclude Include="Vector2.h">
      <Filter>GameEngine\Utility</Filter>
    </ClInclude>
    <ClInclude Include="Componentbehavior.h">
      <Filter>GameEngine\Component</Filter>
    </ClInclude>
    <ClInclude Include="GameObject.h">
      <Filter>GameEngine\GameObject</Filter>
    </ClInclude>
    <ClInclude Include="Transform.h">
      <Filter>GameEngine\Component\Impl\Transform</Filter>
    </ClInclude>
    <ClInclude Include="SpriteRederer.h">
      <Filter>GameEngine\Component\Impl\SpriteRederer</Filter>
    </ClInclude>
    <ClInclude Include="Sprite.h">
      <Filter>GameEngine\Utility</Filter>
    </ClInclude>
    <ClInclude Include="WindowCreater.h">
      <Filter>GameEngine\Utility</Filter>
    </ClInclude>
    <ClInclude Include="Mathf.h">
      <Filter>GameEngine\Utility</Filter>
    </ClInclude>
    <ClInclude Include="Scene.h">
      <Filter>GameEngine\Scene</Filter>
    </ClInclude>
    <ClInclude Include="Input.h">
      <Filter>GameEngine\Input</Filter>
    </ClInclude>
    <ClInclude Include="Time.h">
      <Filter>GameEngine\Time</Filter>
    </ClInclude>
    <ClInclude Include="BoxCollider.h">
      <Filter>GameEngine\Component\Impl\Collider\BoxCollider</Filter>
    </ClInclude>
    <ClInclude Include="Collider.h">
      <Filter>GameEngine\Component\Impl\Collider</Filter>
    </ClInclude>
    <ClInclude Include="PointCollider.h">
      <Filter>GameEngine\Component\Impl\Collider\PointCollider</Filter>
    </ClInclude>
    <ClInclude Include="SphereCollider.h">
      <Filter>GameEngine\Component\Impl\Collider\SphereCollider</Filter>
    </ClInclude>
    <ClInclude Include="CheckCollider.h">
      <Filter>GameEngine\Utility</Filter>
    </ClInclude>
    <ClInclude Include="GameBehavior.h">
      <Filter>GameEngine\Component\Impl\GameBehavior</Filter>
    </ClInclude>
    <ClInclude Include="GamePlayingScene.h">
      <Filter>FireWare\Scenes\GamePlaying\Scene</Filter>
    </ClInclude>
    <ClInclude Include="Leukocyte.h">
      <Filter>FireWare\Scenes\GamePlaying\Player</Filter>
    </ClInclude>
    <ClInclude Include="SourceManager.h">
      <Filter>GameEngine\Manager\SourceManager</Filter>
    </ClInclude>
    <ClInclude Include="Background.h">
      <Filter>FireWare\Scenes\GamePlaying\BackGround</Filter>
    </ClInclude>
    <ClInclude Include="BackGroundMovement.h">
      <Filter>FireWare\Scenes\GamePlaying\BackGround\BackGroundControl</Filter>
    </ClInclude>
    <ClInclude Include="LeukocyteMoveControl.h">
      <Filter>FireWare\Scenes\GamePlaying\Player</Filter>
    </ClInclude>
    <ClInclude Include="LeukocyteLight.h">
      <Filter>FireWare\Scenes\GamePlaying\Player\LeukocyteLight</Filter>
    </ClInclude>
    <ClInclude Include="LeukocyteLightControl.h">
      <Filter>FireWare\Scenes\GamePlaying\Player\LeukocyteLight</Filter>
    </ClInclude>
    <ClInclude Include="Bullet.h">
      <Filter>FireWare\Scenes\GamePlaying\Bullet</Filter>
    </ClInclude>
    <ClInclude Include="BulletControl.h">
      <Filter>FireWare\Scenes\GamePlaying\Bullet</Filter>
    </ClInclude>
    <ClInclude Include="LeukocyteShooting.h">
      <Filter>FireWare\Scenes\GamePlaying\Player</Filter>
    </ClInclude>
    <ClInclude Include="SceneManger.h">
      <Filter>GameEngine\Manager\SceneManager</Filter>
    </ClInclude>
    <ClInclude Include="VirusSmall.h">
      <Filter>FireWare\Scenes\GamePlaying\Enemy\VirusSmall</Filter>
    </ClInclude>
    <ClInclude Include="VirusSmallControl.h">
      <Filter>FireWare\Scenes\GamePlaying\Enemy\VirusSmall</Filter>
    </ClInclude>
    <ClInclude Include="VirusBas.h">
      <Filter>FireWare\Scenes\GamePlaying\Enemy\VirusBas</Filter>
    </ClInclude>
    <ClInclude Include="VirusBasControl.h">
      <Filter>FireWare\Scenes\GamePlaying\Enemy\VirusBas</Filter>
    </ClInclude>
    <ClInclude Include="VirusManager.h">
      <Filter>FireWare\Scenes\GamePlaying\Enemy\Virusmanager</Filter>
    </ClInclude>
    <ClInclude Include="VirusSmallLight.h">
      <Filter>FireWare\Scenes\GamePlaying\Enemy\VirusSmall</Filter>
    </ClInclude>
    <ClInclude Include="Radom.h">
      <Filter>GameEngine\Utility</Filter>
    </ClInclude>
    <ClInclude Include="VirusMiddle.h">
      <Filter>FireWare\Scenes\GamePlaying\Enemy\VirusMiddle</Filter>
    </ClInclude>
    <ClInclude Include="VirusMiddleControl.h">
      <Filter>FireWare\Scenes\GamePlaying\Enemy\VirusMiddle</Filter>
    </ClInclude>
    <ClInclude Include="VirusMiddleHighLight.h">
      <Filter>FireWare\Scenes\GamePlaying\Enemy\VirusMiddle\VirusMiddleHighLight</Filter>
    </ClInclude>
    <ClInclude Include="VirusMiddleHighLightControl.h">
      <Filter>FireWare\Scenes\GamePlaying\Enemy\VirusMiddle\VirusMiddleHighLight</Filter>
    </ClInclude>
    <ClInclude Include="GameResult.h">
      <Filter>FireWare\Scenes\GamePlaying\GameResult</Filter>
    </ClInclude>
    <ClInclude Include="TextMesh.h">
      <Filter>GameEngine\Component\Impl\TextMesh</Filter>
    </ClInclude>
    <ClInclude Include="VirusManagerControl.h">
      <Filter>FireWare\Scenes\GamePlaying\Enemy\Virusmanager</Filter>
    </ClInclude>
    <ClInclude Include="GameResultControl.h">
      <Filter>FireWare\Scenes\GamePlaying\GameResult</Filter>
    </ClInclude>
    <ClInclude Include="GameResultBackGround.h">
      <Filter>FireWare\Scenes\GamePlaying\GameResult\GameResultBackGround</Filter>
    </ClInclude>
    <ClInclude Include="StartMenuBackground.h">
      <Filter>FireWare\Scenes\GamePlaying\StartMenu</Filter>
    </ClInclude>
    <ClInclude Include="StartMenuBackgroundControl.h">
      <Filter>FireWare\Scenes\GamePlaying\StartMenu</Filter>
    </ClInclude>
    <ClInclude Include="VirusBig.h">
      <Filter>FireWare\Scenes\GamePlaying\Enemy\VirusBig</Filter>
    </ClInclude>
    <ClInclude Include="AudioSource.h">
      <Filter>GameEngine\Component\Impl\AodioSource</Filter>
    </ClInclude>
    <ClInclude Include="AudioEffect.h">
      <Filter>GameEngine\Component\Impl\AudioEffect</Filter>
    </ClInclude>
    <ClInclude Include="GameManager.h">
      <Filter>FireWare\Scenes\GamePlaying\GameManager</Filter>
    </ClInclude>
    <ClInclude Include="GameManagerControl.h">
      <Filter>FireWare\Scenes\GamePlaying\GameManager</Filter>
    </ClInclude>
    <ClInclude Include="VirusBigBody.h">
      <Filter>FireWare\Scenes\GamePlaying\Enemy\VirusBig\VirusBigBody</Filter>
    </ClInclude>
    <ClInclude Include="VirusBigControl.h">
      <Filter>FireWare\Scenes\GamePlaying\Enemy\VirusBig</Filter>
    </ClInclude>
    <ClInclude Include="VirusBigBodyControl.h">
      <Filter>FireWare\Scenes\GamePlaying\Enemy\VirusBig\VirusBigBody</Filter>
    </ClInclude>
    <ClInclude Include="VirusBigSideLight.h">
      <Filter>FireWare\Scenes\GamePlaying\Enemy\VirusBig\VirusBigSideLight</Filter>
    </ClInclude>
    <ClInclude Include="VirusBigSideLightControl.h">
      <Filter>FireWare\Scenes\GamePlaying\Enemy\VirusBig\VirusBigSideLight</Filter>
    </ClInclude>
    <ClInclude Include="VirusBigHighLight.h">
      <Filter>FireWare\Scenes\GamePlaying\Enemy\VirusBig\VirusBigHightLight</Filter>
    </ClInclude>
    <ClInclude Include="VirusBigHighLightControl.h">
      <Filter>FireWare\Scenes\GamePlaying\Enemy\VirusBig\VirusBigHightLight</Filter>
    </ClInclude>
    <ClInclude Include="VirusSmallExplosion.h">
      <Filter>FireWare\Scenes\GamePlaying\Enemy\VirusSmall\VirusSmallExplosion</Filter>
    </ClInclude>
    <ClInclude Include="VirusSmallExplosionControl.h">
      <Filter>FireWare\Scenes\GamePlaying\Enemy\VirusSmall\VirusSmallExplosion</Filter>
    </ClInclude>
    <ClInclude Include="VirusMiddleExplosion.h">
      <Filter>FireWare\Scenes\GamePlaying\Enemy\VirusMiddle\VirusMiddleExplosion</Filter>
    </ClInclude>
    <ClInclude Include="VirusMiddlelExplosionControl.h">
      <Filter>FireWare\Scenes\GamePlaying\Enemy\VirusMiddle\VirusMiddleExplosion</Filter>
    </ClInclude>
    <ClInclude Include="VirusBigExplosion.h">
      <Filter>FireWare\Scenes\GamePlaying\Enemy\VirusBig\VirusBigExplosion</Filter>
    </ClInclude>
    <ClInclude Include="VirusBigExplosionControl.h">
      <Filter>FireWare\Scenes\GamePlaying\Enemy\VirusBig\VirusBigExplosion</Filter>
    </ClInclude>
    <ClInclude Include="Game.h">
      <Filter>GameEngine\Game</Filter>
    </ClInclude>
    <ClInclude Include="CannonballControl.h">
      <Filter>FireWare\Scenes\GamePlaying\Cannonball</Filter>
    </ClInclude>
    <ClInclude Include="Cannonball.h">
      <Filter>FireWare\Scenes\GamePlaying\Cannonball</Filter>
    </ClInclude>
    <ClInclude Include="CannonUI.h">
      <Filter>FireWare\Scenes\GamePlaying\UI\CannonUI</Filter>
    </ClInclude>
    <ClInclude Include="UI.h">
      <Filter>FireWare\Scenes\GamePlaying\UI</Filter>
    </ClInclude>
    <ClInclude Include="UIControl.h">
      <Filter>FireWare\Scenes\GamePlaying\UI</Filter>
    </ClInclude>
    <ClInclude Include="CannonBallNumText.h">
      <Filter>FireWare\Scenes\GamePlaying\UI\CannonBallNumText</Filter>
    </ClInclude>
    <ClInclude Include="CannonBallGift.h">
      <Filter>FireWare\Scenes\GamePlaying\Gifts\CannonBallGift</Filter>
    </ClInclude>
    <ClInclude Include="CannonBallGiftInside.h">
      <Filter>FireWare\Scenes\GamePlaying\Gifts\CannonBallGift</Filter>
    </ClInclude>
    <ClInclude Include="CannonBallGiftControl.h">
      <Filter>FireWare\Scenes\GamePlaying\Gifts\CannonBallGift</Filter>
    </ClInclude>
    <ClInclude Include="Gifts.h">
      <Filter>FireWare\Scenes\GamePlaying\Gifts</Filter>
    </ClInclude>
    <ClInclude Include="GiftsControl.h">
      <Filter>FireWare\Scenes\GamePlaying\Gifts</Filter>
    </ClInclude>
  </ItemGroup>
</Project>